
Microsoft Visual Studio Solution File, Format Version 12.00
# Visual Studio Version 17
VisualStudioVersion = 17.0.31903.59
MinimumVisualStudioVersion = 10.0.40219.1
Project("{FAE04EC0-301F-11D3-BF4B-00C04F79EFBC}") = "ScreenApp", "ScreenApp\ScreenApp.csproj", "{CF26F6DA-964F-4DA2-A967-ABADD60590DF}"
EndProject
Project("{FAE04EC0-301F-11D3-BF4B-00C04F79EFBC}") = "ClassLibrary1", "ClassLibrary1\ClassLibrary1.csproj", "{79EF2795-968E-4023-9FB8-6B8BFBF01DE5}"
EndProject
Global
	GlobalSection(SolutionConfigurationPlatforms) = preSolution
		Debug|Any CPU = Debug|Any CPU
		Release|Any CPU = Release|Any CPU
	EndGlobalSection
	GlobalSection(ProjectConfigurationPlatforms) = postSolution
		{CF26F6DA-964F-4DA2-A967-ABADD60590DF}.Debug|Any CPU.ActiveCfg = Debug|Any CPU
		{CF26F6DA-964F-4DA2-A967-ABADD60590DF}.Debug|Any CPU.Build.0 = Debug|Any CPU
		{CF26F6DA-964F-4DA2-A967-ABADD60590DF}.Release|Any CPU.ActiveCfg = Release|Any CPU
		{CF26F6DA-964F-4DA2-A967-ABADD60590DF}.Release|Any CPU.Build.0 = Release|Any CPU
		{79EF2795-968E-4023-9FB8-6B8BFBF01DE5}.Debug|Any CPU.ActiveCfg = Debug|Any CPU
		{79EF2795-968E-4023-9FB8-6B8BFBF01DE5}.Debug|Any CPU.Build.0 = Debug|Any CPU
		{79EF2795-968E-4023-9FB8-6B8BFBF01DE5}.Release|Any CPU.ActiveCfg = Release|Any CPU
		{79EF2795-968E-4023-9FB8-6B8BFBF01DE5}.Release|Any CPU.Build.0 = Release|Any CPU
	EndGlobalSection
	GlobalSection(SolutionProperties) = preSolution
		HideSolutionNode = FALSE
	EndGlobalSection
	GlobalSection(ExtensibilityGlobals) = postSolution
		SolutionGuid = {6A225CBD-406C-4E68-B25C-075559605CC8}
	EndGlobalSection
EndGlobal
